
Microsoft Visual Studio Solution File, Format Version 12.00
# Visual Studio Version 17
VisualStudioVersion = 17.11.35327.3
MinimumVisualStudioVersion = 10.0.40219.1
Project("{8BC9CEB8-8B4A-11D0-8D11-00A0C91BC942}") = "4 - Number Of Days-Hours-Min-Sec in A Year", "4 - Number Of Days-Hours-Min-Sec in A Year\4 - Number Of Days-Hours-Min-Sec in A Year.vcxproj", "{A0F1B45D-AB4D-4319-AE8D-5C887DA2A298}"
EndProject
Global
	GlobalSection(SolutionConfigurationPlatforms) = preSolution
		Debug|x64 = Debug|x64
		Debug|x86 = Debug|x86
		Release|x64 = Release|x64
		Release|x86 = Release|x86
	EndGlobalSection
	GlobalSection(ProjectConfigurationPlatforms) = postSolution
		{A0F1B45D-AB4D-4319-AE8D-5C887DA2A298}.Debug|x64.ActiveCfg = Debug|x64
		{A0F1B45D-AB4D-4319-AE8D-5C887DA2A298}.Debug|x64.Build.0 = Debug|x64
		{A0F1B45D-AB4D-4319-AE8D-5C887DA2A298}.Debug|x86.ActiveCfg = Debug|Win32
		{A0F1B45D-AB4D-4319-AE8D-5C887DA2A298}.Debug|x86.Build.0 = Debug|Win32
		{A0F1B45D-AB4D-4319-AE8D-5C887DA2A298}.Release|x64.ActiveCfg = Release|x64
		{A0F1B45D-AB4D-4319-AE8D-5C887DA2A298}.Release|x64.Build.0 = Release|x64
		{A0F1B45D-AB4D-4319-AE8D-5C887DA2A298}.Release|x86.ActiveCfg = Release|Win32
		{A0F1B45D-AB4D-4319-AE8D-5C887DA2A298}.Release|x86.Build.0 = Release|Win32
	EndGlobalSection
	GlobalSection(SolutionProperties) = preSolution
		HideSolutionNode = FALSE
	EndGlobalSection
	GlobalSection(ExtensibilityGlobals) = postSolution
		SolutionGuid = {17AE28F4-BA67-495B-B071-11D77D749D86}
	EndGlobalSection
EndGlobal
